
Microsoft Visual Studio Solution File, Format Version 12.00
# Visual Studio Version 16
VisualStudioVersion = 16.0.30804.86
MinimumVisualStudioVersion = 10.0.40219.1
Project("{FAE04EC0-301F-11D3-BF4B-00C04F79EFBC}") = "CQRSMediator", "CQRSMediator.csproj", "{741F3487-4FC8-45A7-BB11-596902F64FB7}"
EndProject
Global
	GlobalSection(SolutionConfigurationPlatforms) = preSolution
		Debug|Any CPU = Debug|Any CPU
		Release|Any CPU = Release|Any CPU
	EndGlobalSection
	GlobalSection(ProjectConfigurationPlatforms) = postSolution
		{741F3487-4FC8-45A7-BB11-596902F64FB7}.Debug|Any CPU.ActiveCfg = Debug|Any CPU
		{741F3487-4FC8-45A7-BB11-596902F64FB7}.Debug|Any CPU.Build.0 = Debug|Any CPU
		{741F3487-4FC8-45A7-BB11-596902F64FB7}.Release|Any CPU.ActiveCfg = Release|Any CPU
		{741F3487-4FC8-45A7-BB11-596902F64FB7}.Release|Any CPU.Build.0 = Release|Any CPU
	EndGlobalSection
	GlobalSection(SolutionProperties) = preSolution
		HideSolutionNode = FALSE
	EndGlobalSection
	GlobalSection(ExtensibilityGlobals) = postSolution
		SolutionGuid = {450A5440-6CB3-4773-92FC-BBF2B4D2B99E}
	EndGlobalSection
EndGlobal
